
Microsoft Visual Studio Solution File, Format Version 12.00
# Visual Studio 15
VisualStudioVersion = 15.0.27703.2026
MinimumVisualStudioVersion = 10.0.40219.1
Project("{FAE04EC0-301F-11D3-BF4B-00C04F79EFBC}") = "StudentEnrollment", "StudentEnrollment\StudentEnrollment.csproj", "{D5610B20-BBE5-49BF-A9D4-AB01385BC59A}"
EndProject
Global
	GlobalSection(SolutionConfigurationPlatforms) = preSolution
		Debug|Any CPU = Debug|Any CPU
		Release|Any CPU = Release|Any CPU
	EndGlobalSection
	GlobalSection(ProjectConfigurationPlatforms) = postSolution
		{D5610B20-BBE5-49BF-A9D4-AB01385BC59A}.Debug|Any CPU.ActiveCfg = Debug|Any CPU
		{D5610B20-BBE5-49BF-A9D4-AB01385BC59A}.Debug|Any CPU.Build.0 = Debug|Any CPU
		{D5610B20-BBE5-49BF-A9D4-AB01385BC59A}.Release|Any CPU.ActiveCfg = Release|Any CPU
		{D5610B20-BBE5-49BF-A9D4-AB01385BC59A}.Release|Any CPU.Build.0 = Release|Any CPU
	EndGlobalSection
	GlobalSection(SolutionProperties) = preSolution
		HideSolutionNode = FALSE
	EndGlobalSection
	GlobalSection(ExtensibilityGlobals) = postSolution
		SolutionGuid = {8339FF27-3F2F-4E4F-B41A-0C77045A6521}
	EndGlobalSection
EndGlobal
